<Solution>
  <Folder Name="/.github/">
    <File Path=".github/renovate.json" />
    <File Path=".github/scripts/configure-msvc.ps1" />
  </Folder>
  <Folder Name="/.github/scripts/">
    <File Path=".github/scripts/configure-msvc.ps1" />
  </Folder>
  <Folder Name="/.github/workflows/">
    <File Path=".github/workflows/build-and-test.yml" />
    <File Path=".github/workflows/codeql.yml" />
    <File Path=".github/workflows/daily-automatic-update.yml" />
  </Folder>
  <Folder Name="/src/">
    <Project Path="src/Soenneker.OpenZl.Runner/Soenneker.OpenZl.Runner.csproj" />
  </Folder>
  <Folder Name="/test/">
    <Project Path="test/Soenneker.OpenZl.Runner.Tests/Soenneker.OpenZl.Runner.Tests.csproj" />
  </Folder>
</Solution>
